
Microsoft Visual Studio Solution File, Format Version 12.00
# Visual Studio 15
VisualStudioVersion = 15.0.28307.1062
MinimumVisualStudioVersion = 10.0.40219.1
Project("{FAE04EC0-301F-11D3-BF4B-00C04F79EFBC}") = "检测", "检测.csproj", "{4259EFE7-A76B-44BF-B44A-5110391785B0}"
EndProject
Global
	GlobalSection(SolutionConfigurationPlatforms) = preSolution
		CD_ROM|Any CPU = CD_ROM|Any CPU
		Debug|Any CPU = Debug|Any CPU
		DVD-5|Any CPU = DVD-5|Any CPU
		Release|Any CPU = Release|Any CPU
		SingleImage|Any CPU = SingleImage|Any CPU
	EndGlobalSection
	GlobalSection(ProjectConfigurationPlatforms) = postSolution
		{4259EFE7-A76B-44BF-B44A-5110391785B0}.CD_ROM|Any CPU.ActiveCfg = Release|Any CPU
		{4259EFE7-A76B-44BF-B44A-5110391785B0}.CD_ROM|Any CPU.Build.0 = Release|Any CPU
		{4259EFE7-A76B-44BF-B44A-5110391785B0}.Debug|Any CPU.ActiveCfg = Debug|Any CPU
		{4259EFE7-A76B-44BF-B44A-5110391785B0}.Debug|Any CPU.Build.0 = Debug|Any CPU
		{4259EFE7-A76B-44BF-B44A-5110391785B0}.DVD-5|Any CPU.ActiveCfg = Debug|Any CPU
		{4259EFE7-A76B-44BF-B44A-5110391785B0}.DVD-5|Any CPU.Build.0 = Debug|Any CPU
		{4259EFE7-A76B-44BF-B44A-5110391785B0}.Release|Any CPU.ActiveCfg = Release|Any CPU
		{4259EFE7-A76B-44BF-B44A-5110391785B0}.Release|Any CPU.Build.0 = Release|Any CPU
		{4259EFE7-A76B-44BF-B44A-5110391785B0}.SingleImage|Any CPU.ActiveCfg = Release|Any CPU
		{4259EFE7-A76B-44BF-B44A-5110391785B0}.SingleImage|Any CPU.Build.0 = Release|Any CPU
	EndGlobalSection
	GlobalSection(SolutionProperties) = preSolution
		HideSolutionNode = FALSE
	EndGlobalSection
	GlobalSection(ExtensibilityGlobals) = postSolution
		SolutionGuid = {D88CB18B-3B3A-46EC-861C-767A2E488C6C}
	EndGlobalSection
EndGlobal
